
Microsoft Visual Studio Solution File, Format Version 12.00
# Visual Studio Version 17
VisualStudioVersion = 17.9.34728.123
MinimumVisualStudioVersion = 10.0.40219.1
Project("{9A19103F-16F7-4668-BE54-9A1E7A4F7556}") = "PETask", "ConsoleApp1\PETask.csproj", "{E637B40C-248A-4884-996B-C1139001ADDC}"
EndProject
Project("{9A19103F-16F7-4668-BE54-9A1E7A4F7556}") = "BAd_ProJECt", "BAd_ProJECt\BAd_ProJECt.csproj", "{05A86918-7CC3-4872-841B-3ABB9F26D985}"
EndProject
Project("{9A19103F-16F7-4668-BE54-9A1E7A4F7556}") = "TestProject", "TestProject\TestProject.csproj", "{1B064780-721E-471F-9886-6FA9F4267CD8}"
EndProject
Project("{9A19103F-16F7-4668-BE54-9A1E7A4F7556}") = "InstructionApp", "InstructionApp\InstructionApp.csproj", "{AC17A7B6-F221-4F90-9F02-9D2AF480BCC5}"
EndProject
Project("{FAE04EC0-301F-11D3-BF4B-00C04F79EFBC}") = "FixFails", "FixFails\FixFails.csproj", "{3E5DC4B2-FDE2-4FF9-A3DE-A9439DDED07A}"
EndProject
Global
	GlobalSection(SolutionConfigurationPlatforms) = preSolution
		Debug|Any CPU = Debug|Any CPU
		Release|Any CPU = Release|Any CPU
	EndGlobalSection
	GlobalSection(ProjectConfigurationPlatforms) = postSolution
		{E637B40C-248A-4884-996B-C1139001ADDC}.Debug|Any CPU.ActiveCfg = Debug|Any CPU
		{E637B40C-248A-4884-996B-C1139001ADDC}.Debug|Any CPU.Build.0 = Debug|Any CPU
		{E637B40C-248A-4884-996B-C1139001ADDC}.Release|Any CPU.ActiveCfg = Release|Any CPU
		{E637B40C-248A-4884-996B-C1139001ADDC}.Release|Any CPU.Build.0 = Release|Any CPU
		{05A86918-7CC3-4872-841B-3ABB9F26D985}.Debug|Any CPU.ActiveCfg = Debug|Any CPU
		{05A86918-7CC3-4872-841B-3ABB9F26D985}.Debug|Any CPU.Build.0 = Debug|Any CPU
		{05A86918-7CC3-4872-841B-3ABB9F26D985}.Release|Any CPU.ActiveCfg = Release|Any CPU
		{05A86918-7CC3-4872-841B-3ABB9F26D985}.Release|Any CPU.Build.0 = Release|Any CPU
		{1B064780-721E-471F-9886-6FA9F4267CD8}.Debug|Any CPU.ActiveCfg = Debug|Any CPU
		{1B064780-721E-471F-9886-6FA9F4267CD8}.Debug|Any CPU.Build.0 = Debug|Any CPU
		{1B064780-721E-471F-9886-6FA9F4267CD8}.Release|Any CPU.ActiveCfg = Release|Any CPU
		{1B064780-721E-471F-9886-6FA9F4267CD8}.Release|Any CPU.Build.0 = Release|Any CPU
		{AC17A7B6-F221-4F90-9F02-9D2AF480BCC5}.Debug|Any CPU.ActiveCfg = Debug|Any CPU
		{AC17A7B6-F221-4F90-9F02-9D2AF480BCC5}.Debug|Any CPU.Build.0 = Debug|Any CPU
		{AC17A7B6-F221-4F90-9F02-9D2AF480BCC5}.Release|Any CPU.ActiveCfg = Release|Any CPU
		{AC17A7B6-F221-4F90-9F02-9D2AF480BCC5}.Release|Any CPU.Build.0 = Release|Any CPU
		{3E5DC4B2-FDE2-4FF9-A3DE-A9439DDED07A}.Debug|Any CPU.ActiveCfg = Debug|Any CPU
		{3E5DC4B2-FDE2-4FF9-A3DE-A9439DDED07A}.Debug|Any CPU.Build.0 = Debug|Any CPU
		{3E5DC4B2-FDE2-4FF9-A3DE-A9439DDED07A}.Release|Any CPU.ActiveCfg = Release|Any CPU
		{3E5DC4B2-FDE2-4FF9-A3DE-A9439DDED07A}.Release|Any CPU.Build.0 = Release|Any CPU
	EndGlobalSection
	GlobalSection(SolutionProperties) = preSolution
		HideSolutionNode = FALSE
	EndGlobalSection
	GlobalSection(ExtensibilityGlobals) = postSolution
		SolutionGuid = {A1B312F1-306E-47C0-9C37-D5131585C0A4}
	EndGlobalSection
EndGlobal
